
Microsoft Visual Studio Solution File, Format Version 12.00
# Visual Studio Version 17
VisualStudioVersion = 17.3.32901.215
MinimumVisualStudioVersion = 10.0.40219.1
Project("{FAE04EC0-301F-11D3-BF4B-00C04F79EFBC}") = "NagaSapService", "NagaSapService.csproj", "{E929304F-FCA8-4F9B-B717-073B58D71C44}"
EndProject
Global
	GlobalSection(SolutionConfigurationPlatforms) = preSolution
		Debug|Any CPU = Debug|Any CPU
		Release|Any CPU = Release|Any CPU
	EndGlobalSection
	GlobalSection(ProjectConfigurationPlatforms) = postSolution
		{E929304F-FCA8-4F9B-B717-073B58D71C44}.Debug|Any CPU.ActiveCfg = Debug|Any CPU
		{E929304F-FCA8-4F9B-B717-073B58D71C44}.Debug|Any CPU.Build.0 = Debug|Any CPU
		{E929304F-FCA8-4F9B-B717-073B58D71C44}.Release|Any CPU.ActiveCfg = Release|Any CPU
		{E929304F-FCA8-4F9B-B717-073B58D71C44}.Release|Any CPU.Build.0 = Release|Any CPU
	EndGlobalSection
	GlobalSection(SolutionProperties) = preSolution
		HideSolutionNode = FALSE
	EndGlobalSection
	GlobalSection(ExtensibilityGlobals) = postSolution
		SolutionGuid = {D53032ED-7A4F-4119-8377-DF183CAE64A8}
	EndGlobalSection
EndGlobal
