
Microsoft Visual Studio Solution File, Format Version 12.00
# Visual Studio Version 16
VisualStudioVersion = 16.0.32929.386
MinimumVisualStudioVersion = 10.0.40219.1
Project("{FAE04EC0-301F-11D3-BF4B-00C04F79EFBC}") = "NagaMaster", "NagaMaster\NagaMaster.csproj", "{1DA8CD6C-42C0-4EE8-85E0-780F068388CC}"
EndProject
Global
	GlobalSection(SolutionConfigurationPlatforms) = preSolution
		Debug|Any CPU = Debug|Any CPU
		Release|Any CPU = Release|Any CPU
	EndGlobalSection
	GlobalSection(ProjectConfigurationPlatforms) = postSolution
		{1DA8CD6C-42C0-4EE8-85E0-780F068388CC}.Debug|Any CPU.ActiveCfg = Debug|Any CPU
		{1DA8CD6C-42C0-4EE8-85E0-780F068388CC}.Debug|Any CPU.Build.0 = Debug|Any CPU
		{1DA8CD6C-42C0-4EE8-85E0-780F068388CC}.Release|Any CPU.ActiveCfg = Release|Any CPU
		{1DA8CD6C-42C0-4EE8-85E0-780F068388CC}.Release|Any CPU.Build.0 = Release|Any CPU
	EndGlobalSection
	GlobalSection(SolutionProperties) = preSolution
		HideSolutionNode = FALSE
	EndGlobalSection
	GlobalSection(ExtensibilityGlobals) = postSolution
		SolutionGuid = {6A5BE2AD-09E9-4637-B10E-CC69756A0502}
	EndGlobalSection
EndGlobal
